// !$*UTF8*$!
{
	archiveVersion = 1;
	classes = {
	};
	objectVersion = 50;
	objects = {

/* Begin PBXBuildFile section */
		035FC014250DEC66004DD967 /* AppDelegate.swift in Sources */ = {isa = PBXBuildFile; fileRef = 035FC013250DEC66004DD967 /* AppDelegate.swift */; };
		035FC016250DEC66004DD967 /* SceneDelegate.swift in Sources */ = {isa = PBXBuildFile; fileRef = 035FC015250DEC66004DD967 /* SceneDelegate.swift */; };
		035FC01A250DEC68004DD967 /* Assets.xcassets in Resources */ = {isa = PBXBuildFile; fileRef = 035FC019250DEC68004DD967 /* Assets.xcassets */; };
		035FC01D250DEC68004DD967 /* Preview Assets.xcassets in Resources */ = {isa = PBXBuildFile; fileRef = 035FC01C250DEC68004DD967 /* Preview Assets.xcassets */; };
		035FC020250DEC68004DD967 /* LaunchScreen.storyboard in Resources */ = {isa = PBXBuildFile; fileRef = 035FC01E250DEC68004DD967 /* LaunchScreen.storyboard */; };
		035FC028250DEED2004DD967 /* TextFieldHistoryViewController.swift in Sources */ = {isa = PBXBuildFile; fileRef = 035FC027250DEED2004DD967 /* TextFieldHistoryViewController.swift */; };
/* End PBXBuildFile section */

/* Begin PBXFileReference section */
		035FC010250DEC66004DD967 /* textfield_history.app */ = {isa = PBXFileReference; explicitFileType = wrapper.application; includeInIndex = 0; path = textfield_history.app; sourceTree = BUILT_PRODUCTS_DIR; };
		035FC013250DEC66004DD967 /* AppDelegate.swift */ = {isa = PBXFileReference; lastKnownFileType = sourcecode.swift; path = AppDelegate.swift; sourceTree = "<group>"; };
		035FC015250DEC66004DD967 /* SceneDelegate.swift */ = {isa = PBXFileReference; lastKnownFileType = sourcecode.swift; path = SceneDelegate.swift; sourceTree = "<group>"; };
		035FC019250DEC68004DD967 /* Assets.xcassets */ = {isa = PBXFileReference; lastKnownFileType = folder.assetcatalog; path = Assets.xcassets; sourceTree = "<group>"; };
		035FC01C250DEC68004DD967 /* Preview Assets.xcassets */ = {isa = PBXFileReference; lastKnownFileType = folder.assetcatalog; path = "Preview Assets.xcassets"; sourceTree = "<group>"; };
		035FC01F250DEC68004DD967 /* Base */ = {isa = PBXFileReference; lastKnownFileType = file.storyboard; name = Base; path = Base.lproj/LaunchScreen.storyboard; sourceTree = "<group>"; };
		035FC021250DEC68004DD967 /* Info.plist */ = {isa = PBXFileReference; lastKnownFileType = text.plist.xml; path = Info.plist; sourceTree = "<group>"; };
		035FC027250DEED2004DD967 /* TextFieldHistoryViewController.swift */ = {isa = PBXFileReference; lastKnownFileType = sourcecode.swift; path = TextFieldHistoryViewController.swift; sourceTree = "<group>"; };
/* End PBXFileReference section */

/* Begin PBXFrameworksBuildPhase section */
		035FC00D250DEC66004DD967 /* Frameworks */ = {
			isa = PBXFrameworksBuildPhase;
			buildActionMask = 2147483647;
			files = (
			);
			runOnlyForDeploymentPostprocessing = 0;
		};
/* End PBXFrameworksBuildPhase section */

/* Begin PBXGroup section */
		035FC007250DEC66004DD967 = {
			isa = PBXGroup;
			children = (
				035FC012250DEC66004DD967 /* textfield_history */,
				035FC011250DEC66004DD967 /* Products */,
			);
			sourceTree = "<group>";
		};
		035FC011250DEC66004DD967 /* Products */ = {
			isa = PBXGroup;
			children = (
				035FC010250DEC66004DD967 /* textfield_history.app */,
			);
			name = Products;
			sourceTree = "<group>";
		};
		035FC012250DEC66004DD967 /* textfield_history */ = {
			isa = PBXGroup;
			children = (
				035FC013250DEC66004DD967 /* AppDelegate.swift */,
				035FC015250DEC66004DD967 /* SceneDelegate.swift */,
				035FC019250DEC68004DD967 /* Assets.xcassets */,
				035FC01E250DEC68004DD967 /* LaunchScreen.storyboard */,
				035FC021250DEC68004DD967 /* Info.plist */,
				035FC01B250DEC68004DD967 /* Preview Content */,
				035FC027250DEED2004DD967 /* TextFieldHistoryViewController.swift */,
			);
			path = textfield_history;
			sourceTree = "<group>";
		};
		035FC01B250DEC68004DD967 /* Preview Content */ = {
			isa = PBXGroup;
			children = (
				035FC01C250DEC68004DD967 /* Preview Assets.xcassets */,
			);
			path = "Preview Content";
			sourceTree = "<group>";
		};
/* End PBXGroup section */

/* Begin PBXNativeTarget section */
		035FC00F250DEC66004DD967 /* textfield_history */ = {
			isa = PBXNativeTarget;
			buildConfigurationList = 035FC024250DEC68004DD967 /* Build configuration list for PBXNativeTarget "textfield_history" */;
			buildPhases = (
				035FC00C250DEC66004DD967 /* Sources */,
				035FC00D250DEC66004DD967 /* Frameworks */,
				035FC00E250DEC66004DD967 /* Resources */,
			);
			buildRules = (
			);
			dependencies = (
			);
			name = textfield_history;
			productName = textfield_history;
			productReference = 035FC010250DEC66004DD967 /* textfield_history.app */;
			productType = "com.apple.product-type.application";
		};
/* End PBXNativeTarget section */

/* Begin PBXProject section */
		035FC008250DEC66004DD967 /* Project object */ = {
			isa = PBXProject;
			attributes = {
				LastSwiftUpdateCheck = 1170;
				LastUpgradeCheck = 1170;
				ORGANIZATIONNAME = "Sachin Jindal";
				TargetAttributes = {
					035FC00F250DEC66004DD967 = {
						CreatedOnToolsVersion = 11.7;
					};
				};
			};
			buildConfigurationList = 035FC00B250DEC66004DD967 /* Build configuration list for PBXProject "textfield_history" */;
			compatibilityVersion = "Xcode 9.3";
			developmentRegion = en;
			hasScannedForEncodings = 0;
			knownRegions = (
				en,
				Base,
			);
			mainGroup = 035FC007250DEC66004DD967;
			productRefGroup = 035FC011250DEC66004DD967 /* Products */;
			projectDirPath = "";
			projectRoot = "";
			targets = (
				035FC00F250DEC66004DD967 /* textfield_history */,
			);
		};
/* End PBXProject section */

/* Begin PBXResourcesBuildPhase section */
		035FC00E250DEC66004DD967 /* Resources */ = {
			isa = PBXResourcesBuildPhase;
			buildActionMask = 2147483647;
			files = (
				035FC020250DEC68004DD967 /* LaunchScreen.storyboard in Resources */,
				035FC01D250DEC68004DD967 /* Preview Assets.xcassets in Resources */,
				035FC01A250DEC68004DD967 /* Assets.xcassets in Resources */,
			);
			runOnlyForDeploymentPostprocessing = 0;
		};
/* End PBXResourcesBuildPhase section */

/* Begin PBXSourcesBuildPhase section */
		035FC00C250DEC66004DD967 /* Sources */ = {
			isa = PBXSourcesBuildPhase;
			buildActionMask = 2147483647;
			files = (
				035FC014250DEC66004DD967 /* AppDelegate.swift in Sources */,
				035FC028250DEED2004DD967 /* TextFieldHistoryViewController.swift in Sources */,
				035FC016250DEC66004DD967 /* SceneDelegate.swift in Sources */,
			);
			runOnlyForDeploymentPostprocessing = 0;
		};
/* End PBXSourcesBuildPhase section */

/* Begin PBXVariantGroup section */
		035FC01E250DEC68004DD967 /* LaunchScreen.storyboard */ = {
			isa = PBXVariantGroup;
			children = (
				035FC01F250DEC68004DD967 /* Base */,
			);
			name = LaunchScreen.storyboard;
			sourceTree = "<group>";
		};
/* End PBXVariantGroup section */

/* Begin XCBuildConfiguration section */
		035FC022250DEC68004DD967 /* Debug */ = {
			isa = XCBuildConfiguration;
			buildSettings = {
				ALWAYS_SEARCH_USER_PATHS = NO;
				CLANG_ANALYZER_NONNULL = YES;
				CLANG_ANALYZER_NUMBER_OBJECT_CONVERSION = YES_AGGRESSIVE;
				CLANG_CXX_LANGUAGE_STANDARD = "gnu++14";
				CLANG_CXX_LIBRARY = "libc++";
				CLANG_ENABLE_MODULES = YES;
				CLANG_ENABLE_OBJC_ARC = YES;
				CLANG_ENABLE_OBJC_WEAK = YES;
				CLANG_WARN_BLOCK_CAPTURE_AUTORELEASING = YES;
				CLANG_WARN_BOOL_CONVERSION = YES;
				CLANG_WARN_COMMA = YES;
				CLANG_WARN_CONSTANT_CONVERSION = YES;
				CLANG_WARN_DEPRECATED_OBJC_IMPLEMENTATIONS = YES;
				CLANG_WARN_DIRECT_OBJC_ISA_USAGE = YES_ERROR;
				CLANG_WARN_DOCUMENTATION_COMMENTS = YES;
				CLANG_WARN_EMPTY_BODY = YES;
				CLANG_WARN_ENUM_CONVERSION = YES;
				CLANG_WARN_INFINITE_RECURSION = YES;
				CLANG_WARN_INT_CONVERSION = YES;
				CLANG_WARN_NON_LITERAL_NULL_CONVERSION = YES;
				CLANG_WARN_OBJC_IMPLICIT_RETAIN_SELF = YES;
				CLANG_WARN_OBJC_LITERAL_CONVERSION = YES;
				CLANG_WARN_OBJC_ROOT_CLASS = YES_ERROR;
				CLANG_WARN_RANGE_LOOP_ANALYSIS = YES;
				CLANG_WARN_STRICT_PROTOTYPES = YES;
				CLANG_WARN_SUSPICIOUS_MOVE = YES;
				CLANG_WARN_UNGUARDED_AVAILABILITY = YES_AGGRESSIVE;
				CLANG_WARN_UNREACHABLE_CODE = YES;
				CLANG_WARN__DUPLICATE_METHOD_MATCH = YES;
				COPY_PHASE_STRIP = NO;
				DEBUG_INFORMATION_FORMAT = dwarf;
				ENABLE_STRICT_OBJC_MSGSEND = YES;
				ENABLE_TESTABILITY = YES;
				GCC_C_LANGUAGE_STANDARD = gnu11;
				GCC_DYNAMIC_NO_PIC = NO;
				GCC_NO_COMMON_BLOCKS = YES;
				GCC_OPTIMIZATION_LEVEL = 0;
				GCC_PREPROCESSOR_DEFINITIONS = (
					"DEBUG=1",
					"$(inherited)",
				);
				GCC_WARN_64_TO_32_BIT_CONVERSION = YES;
				GCC_WARN_ABOUT_RETURN_TYPE = YES_ERROR;
				GCC_WARN_UNDECLARED_SELECTOR = YES;
				GCC_WARN_UNINITIALIZED_AUTOS = YES_AGGRESSIVE;
				GCC_WARN_UNUSED_FUNCTION = YES;
				GCC_WARN_UNUSED_VARIABLE = YES;
				IPHONEOS_DEPLOYMENT_TARGET = 13.7;
				MTL_ENABLE_DEBUG_INFO = INCLUDE_SOURCE;
				MTL_FAST_MATH = YES;
				ONLY_ACTIVE_ARCH = YES;
				SDKROOT = iphoneos;
				SWIFT_ACTIVE_COMPILATION_CONDITIONS = DEBUG;
				SWIFT_OPTIMIZATION_LEVEL = "-Onone";
			};
			name = Debug;
		};
		035FC023250DEC68004DD967 /* Release */ = {
			isa = XCBuildConfiguration;
			buildSettings = {
				ALWAYS_SEARCH_USER_PATHS = NO;
				CLANG_ANALYZER_NONNULL = YES;
				CLANG_ANALYZER_NUMBER_OBJECT_CONVERSION = YES_AGGRESSIVE;
				CLANG_CXX_LANGUAGE_STANDARD = "gnu++14";
				CLANG_CXX_LIBRARY = "libc++";
				CLANG_ENABLE_MODULES = YES;
				CLANG_ENABLE_OBJC_ARC = YES;
				CLANG_ENABLE_OBJC_WEAK = YES;
				CLANG_WARN_BLOCK_CAPTURE_AUTORELEASING = YES;
				CLANG_WARN_BOOL_CONVERSION = YES;
				CLANG_WARN_COMMA = YES;
				CLANG_WARN_CONSTANT_CONVERSION = YES;
				CLANG_WARN_DEPRECATED_OBJC_IMPLEMENTATIONS = YES;
				CLANG_WARN_DIRECT_OBJC_ISA_USAGE = YES_ERROR;
				CLANG_WARN_DOCUMENTATION_COMMENTS = YES;
				CLANG_WARN_EMPTY_BODY = YES;
				CLANG_WARN_ENUM_CONVERSION = YES;
				CLANG_WARN_INFINITE_RECURSION = YES;
				CLANG_WARN_INT_CONVERSION = YES;
				CLANG_WARN_NON_LITERAL_NULL_CONVERSION = YES;
				CLANG_WARN_OBJC_IMPLICIT_RETAIN_SELF = YES;
				CLANG_WARN_OBJC_LITERAL_CONVERSION = YES;
				CLANG_WARN_OBJC_ROOT_CLASS = YES_ERROR;
				CLANG_WARN_RANGE_LOOP_ANALYSIS = YES;
				CLANG_WARN_STRICT_PROTOTYPES = YES;
				CLANG_WARN_SUSPICIOUS_MOVE = YES;
				CLANG_WARN_UNGUARDED_AVAILABILITY = YES_AGGRESSIVE;
				CLANG_WARN_UNREACHABLE_CODE = YES;
				CLANG_WARN__DUPLICATE_METHOD_MATCH = YES;
				COPY_PHASE_STRIP = NO;
				DEBUG_INFORMATION_FORMAT = "dwarf-with-dsym";
				ENABLE_NS_ASSERTIONS = NO;
				ENABLE_STRICT_OBJC_MSGSEND = YES;
				GCC_C_LANGUAGE_STANDARD = gnu11;
				GCC_NO_COMMON_BLOCKS = YES;
				GCC_WARN_64_TO_32_BIT_CONVERSION = YES;
				GCC_WARN_ABOUT_RETURN_TYPE = YES_ERROR;
				GCC_WARN_UNDECLARED_SELECTOR = YES;
				GCC_WARN_UNINITIALIZED_AUTOS = YES_AGGRESSIVE;
				GCC_WARN_UNUSED_FUNCTION = YES;
				GCC_WARN_UNUSED_VARIABLE = YES;
				IPHONEOS_DEPLOYMENT_TARGET = 13.7;
				MTL_ENABLE_DEBUG_INFO = NO;
				MTL_FAST_MATH = YES;
				SDKROOT = iphoneos;
				SWIFT_COMPILATION_MODE = wholemodule;
				SWIFT_OPTIMIZATION_LEVEL = "-O";
				VALIDATE_PRODUCT = YES;
			};
			name = Release;
		};
		035FC025250DEC68004DD967 /* Debug */ = {
			isa = XCBuildConfiguration;
			buildSettings = {
				ASSETCATALOG_COMPILER_APPICON_NAME = AppIcon;
				CODE_SIGN_STYLE = Automatic;
				DEVELOPMENT_ASSET_PATHS = "\"textfield_history/Preview Content\"";
				ENABLE_PREVIEWS = YES;
				INFOPLIST_FILE = textfield_history/Info.plist;
				LD_RUNPATH_SEARCH_PATHS = (
					"$(inherited)",
					"@executable_path/Frameworks",
				);
				PRODUCT_BUNDLE_IDENTIFIER = "test.textfield-history";
				PRODUCT_NAME = "$(TARGET_NAME)";
				SWIFT_VERSION = 5.0;
				TARGETED_DEVICE_FAMILY = "1,2";
			};
			name = Debug;
		};
		035FC026250DEC68004DD967 /* Release */ = {
			isa = XCBuildConfiguration;
			buildSettings = {
				ASSETCATALOG_COMPILER_APPICON_NAME = AppIcon;
				CODE_SIGN_STYLE = Automatic;
				DEVELOPMENT_ASSET_PATHS = "\"textfield_history/Preview Content\"";
				ENABLE_PREVIEWS = YES;
				INFOPLIST_FILE = textfield_history/Info.plist;
				LD_RUNPATH_SEARCH_PATHS = (
					"$(inherited)",
					"@executable_path/Frameworks",
				);
				PRODUCT_BUNDLE_IDENTIFIER = "test.textfield-history";
				PRODUCT_NAME = "$(TARGET_NAME)";
				SWIFT_VERSION = 5.0;
				TARGETED_DEVICE_FAMILY = "1,2";
			};
			name = Release;
		};
/* End XCBuildConfiguration section */

/* Begin XCConfigurationList section */
		035FC00B250DEC66004DD967 /* Build configuration list for PBXProject "textfield_history" */ = {
			isa = XCConfigurationList;
			buildConfigurations = (
				035FC022250DEC68004DD967 /* Debug */,
				035FC023250DEC68004DD967 /* Release */,
			);
			defaultConfigurationIsVisible = 0;
			defaultConfigurationName = Release;
		};
		035FC024250DEC68004DD967 /* Build configuration list for PBXNativeTarget "textfield_history" */ = {
			isa = XCConfigurationList;
			buildConfigurations = (
				035FC025250DEC68004DD967 /* Debug */,
				035FC026250DEC68004DD967 /* Release */,
			);
			defaultConfigurationIsVisible = 0;
			defaultConfigurationName = Release;
		};
/* End XCConfigurationList section */
	};
	rootObject = 035FC008250DEC66004DD967 /* Project object */;
}
